
Microsoft Visual Studio Solution File, Format Version 12.00
# Visual Studio 2013
VisualStudioVersion = 12.0.21005.1
MinimumVisualStudioVersion = 10.0.40219.1
Project("{FAE04EC0-301F-11D3-BF4B-00C04F79EFBC}") = "Jaddie.Logging.Log4net", "Jaddie.Logging.Log4Net\Jaddie.Logging.Log4net.csproj", "{7E266859-A6D5-4239-B8CC-C96C57B4842C}"
EndProject
Project("{2150E333-8FDC-42A3-9474-1A3956D46DE8}") = ".nuget", ".nuget", "{95D8080B-F490-43F0-9C7A-F8B97D8F28D7}"
	ProjectSection(SolutionItems) = preProject
		.nuget\NuGet.Config = .nuget\NuGet.Config
		.nuget\NuGet.exe = .nuget\NuGet.exe
		.nuget\NuGet.targets = .nuget\NuGet.targets
	EndProjectSection
EndProject
Global
	GlobalSection(SolutionConfigurationPlatforms) = preSolution
		Debug|Any CPU = Debug|Any CPU
		Release|Any CPU = Release|Any CPU
	EndGlobalSection
	GlobalSection(ProjectConfigurationPlatforms) = postSolution
		{7E266859-A6D5-4239-B8CC-C96C57B4842C}.Debug|Any CPU.ActiveCfg = Debug|Any CPU
		{7E266859-A6D5-4239-B8CC-C96C57B4842C}.Debug|Any CPU.Build.0 = Debug|Any CPU
		{7E266859-A6D5-4239-B8CC-C96C57B4842C}.Release|Any CPU.ActiveCfg = Release|Any CPU
		{7E266859-A6D5-4239-B8CC-C96C57B4842C}.Release|Any CPU.Build.0 = Release|Any CPU
	EndGlobalSection
	GlobalSection(SolutionProperties) = preSolution
		HideSolutionNode = FALSE
	EndGlobalSection
EndGlobal
